// !$*UTF8*$!
{
	archiveVersion = 1;
	classes = {
	};
	objectVersion = 50;
	objects = {

/* Begin PBXBuildFile section */
		DB6D52E4264A8B9F001239E4 /* QuestionViewController.swift in Sources */ = {isa = PBXBuildFile; fileRef = DB6D52E3264A8B9F001239E4 /* QuestionViewController.swift */; };
		DB6D52E9264A8C1B001239E4 /* Answer.swift in Sources */ = {isa = PBXBuildFile; fileRef = DB6D52E8264A8C1B001239E4 /* Answer.swift */; };
		DB6D52EE264A8C45001239E4 /* Final.swift in Sources */ = {isa = PBXBuildFile; fileRef = DB6D52ED264A8C45001239E4 /* Final.swift */; };
		DB7E7DFF2644BA8300E70BDF /* AppDelegate.swift in Sources */ = {isa = PBXBuildFile; fileRef = DB7E7DFE2644BA8300E70BDF /* AppDelegate.swift */; };
		DB7E7E012644BA8300E70BDF /* SceneDelegate.swift in Sources */ = {isa = PBXBuildFile; fileRef = DB7E7E002644BA8300E70BDF /* SceneDelegate.swift */; };
		DB7E7E032644BA8300E70BDF /* ViewController.swift in Sources */ = {isa = PBXBuildFile; fileRef = DB7E7E022644BA8300E70BDF /* ViewController.swift */; };
		DB7E7E062644BA8300E70BDF /* Main.storyboard in Resources */ = {isa = PBXBuildFile; fileRef = DB7E7E042644BA8300E70BDF /* Main.storyboard */; };
		DB7E7E082644BA8600E70BDF /* Assets.xcassets in Resources */ = {isa = PBXBuildFile; fileRef = DB7E7E072644BA8600E70BDF /* Assets.xcassets */; };
		DB7E7E0B2644BA8600E70BDF /* LaunchScreen.storyboard in Resources */ = {isa = PBXBuildFile; fileRef = DB7E7E092644BA8600E70BDF /* LaunchScreen.storyboard */; };
		DB7E7E162644BA8600E70BDF /* iQuizTests.swift in Sources */ = {isa = PBXBuildFile; fileRef = DB7E7E152644BA8600E70BDF /* iQuizTests.swift */; };
		DB7E7E212644BA8600E70BDF /* iQuizUITests.swift in Sources */ = {isa = PBXBuildFile; fileRef = DB7E7E202644BA8600E70BDF /* iQuizUITests.swift */; };
/* End PBXBuildFile section */

/* Begin PBXContainerItemProxy section */
		DB7E7E122644BA8600E70BDF /* PBXContainerItemProxy */ = {
			isa = PBXContainerItemProxy;
			containerPortal = DB7E7DF32644BA8300E70BDF /* Project object */;
			proxyType = 1;
			remoteGlobalIDString = DB7E7DFA2644BA8300E70BDF;
			remoteInfo = iQuiz;
		};
		DB7E7E1D2644BA8600E70BDF /* PBXContainerItemProxy */ = {
			isa = PBXContainerItemProxy;
			containerPortal = DB7E7DF32644BA8300E70BDF /* Project object */;
			proxyType = 1;
			remoteGlobalIDString = DB7E7DFA2644BA8300E70BDF;
			remoteInfo = iQuiz;
		};
/* End PBXContainerItemProxy section */

/* Begin PBXFileReference section */
		DB6D52E3264A8B9F001239E4 /* QuestionViewController.swift */ = {isa = PBXFileReference; lastKnownFileType = sourcecode.swift; path = QuestionViewController.swift; sourceTree = "<group>"; };
		DB6D52E8264A8C1B001239E4 /* Answer.swift */ = {isa = PBXFileReference; lastKnownFileType = sourcecode.swift; path = Answer.swift; sourceTree = "<group>"; };
		DB6D52ED264A8C45001239E4 /* Final.swift */ = {isa = PBXFileReference; lastKnownFileType = sourcecode.swift; path = Final.swift; sourceTree = "<group>"; };
		DB7E7DFB2644BA8300E70BDF /* iQuiz.app */ = {isa = PBXFileReference; explicitFileType = wrapper.application; includeInIndex = 0; path = iQuiz.app; sourceTree = BUILT_PRODUCTS_DIR; };
		DB7E7DFE2644BA8300E70BDF /* AppDelegate.swift */ = {isa = PBXFileReference; lastKnownFileType = sourcecode.swift; path = AppDelegate.swift; sourceTree = "<group>"; };
		DB7E7E002644BA8300E70BDF /* SceneDelegate.swift */ = {isa = PBXFileReference; lastKnownFileType = sourcecode.swift; path = SceneDelegate.swift; sourceTree = "<group>"; };
		DB7E7E022644BA8300E70BDF /* ViewController.swift */ = {isa = PBXFileReference; lastKnownFileType = sourcecode.swift; path = ViewController.swift; sourceTree = "<group>"; };
		DB7E7E052644BA8300E70BDF /* Base */ = {isa = PBXFileReference; lastKnownFileType = file.storyboard; name = Base; path = Base.lproj/Main.storyboard; sourceTree = "<group>"; };
		DB7E7E072644BA8600E70BDF /* Assets.xcassets */ = {isa = PBXFileReference; lastKnownFileType = folder.assetcatalog; path = Assets.xcassets; sourceTree = "<group>"; };
		DB7E7E0A2644BA8600E70BDF /* Base */ = {isa = PBXFileReference; lastKnownFileType = file.storyboard; name = Base; path = Base.lproj/LaunchScreen.storyboard; sourceTree = "<group>"; };
		DB7E7E0C2644BA8600E70BDF /* Info.plist */ = {isa = PBXFileReference; lastKnownFileType = text.plist.xml; path = Info.plist; sourceTree = "<group>"; };
		DB7E7E112644BA8600E70BDF /* iQuizTests.xctest */ = {isa = PBXFileReference; explicitFileType = wrapper.cfbundle; includeInIndex = 0; path = iQuizTests.xctest; sourceTree = BUILT_PRODUCTS_DIR; };
		DB7E7E152644BA8600E70BDF /* iQuizTests.swift */ = {isa = PBXFileReference; lastKnownFileType = sourcecode.swift; path = iQuizTests.swift; sourceTree = "<group>"; };
		DB7E7E172644BA8600E70BDF /* Info.plist */ = {isa = PBXFileReference; lastKnownFileType = text.plist.xml; path = Info.plist; sourceTree = "<group>"; };
		DB7E7E1C2644BA8600E70BDF /* iQuizUITests.xctest */ = {isa = PBXFileReference; explicitFileType = wrapper.cfbundle; includeInIndex = 0; path = iQuizUITests.xctest; sourceTree = BUILT_PRODUCTS_DIR; };
		DB7E7E202644BA8600E70BDF /* iQuizUITests.swift */ = {isa = PBXFileReference; lastKnownFileType = sourcecode.swift; path = iQuizUITests.swift; sourceTree = "<group>"; };
		DB7E7E222644BA8600E70BDF /* Info.plist */ = {isa = PBXFileReference; lastKnownFileType = text.plist.xml; path = Info.plist; sourceTree = "<group>"; };
/* End PBXFileReference section */

/* Begin PBXFrameworksBuildPhase section */
		DB7E7DF82644BA8300E70BDF /* Frameworks */ = {
			isa = PBXFrameworksBuildPhase;
			buildActionMask = 2147483647;
			files = (
			);
			runOnlyForDeploymentPostprocessing = 0;
		};
		DB7E7E0E2644BA8600E70BDF /* Frameworks */ = {
			isa = PBXFrameworksBuildPhase;
			buildActionMask = 2147483647;
			files = (
			);
			runOnlyForDeploymentPostprocessing = 0;
		};
		DB7E7E192644BA8600E70BDF /* Frameworks */ = {
			isa = PBXFrameworksBuildPhase;
			buildActionMask = 2147483647;
			files = (
			);
			runOnlyForDeploymentPostprocessing = 0;
		};
/* End PBXFrameworksBuildPhase section */

/* Begin PBXGroup section */
		DB7E7DF22644BA8300E70BDF = {
			isa = PBXGroup;
			children = (
				DB7E7DFD2644BA8300E70BDF /* iQuiz */,
				DB7E7E142644BA8600E70BDF /* iQuizTests */,
				DB7E7E1F2644BA8600E70BDF /* iQuizUITests */,
				DB7E7DFC2644BA8300E70BDF /* Products */,
			);
			sourceTree = "<group>";
		};
		DB7E7DFC2644BA8300E70BDF /* Products */ = {
			isa = PBXGroup;
			children = (
				DB7E7DFB2644BA8300E70BDF /* iQuiz.app */,
				DB7E7E112644BA8600E70BDF /* iQuizTests.xctest */,
				DB7E7E1C2644BA8600E70BDF /* iQuizUITests.xctest */,
			);
			name = Products;
			sourceTree = "<group>";
		};
		DB7E7DFD2644BA8300E70BDF /* iQuiz */ = {
			isa = PBXGroup;
			children = (
				DB7E7DFE2644BA8300E70BDF /* AppDelegate.swift */,
				DB7E7E002644BA8300E70BDF /* SceneDelegate.swift */,
				DB7E7E022644BA8300E70BDF /* ViewController.swift */,
				DB7E7E042644BA8300E70BDF /* Main.storyboard */,
				DB6D52ED264A8C45001239E4 /* Final.swift */,
				DB6D52E8264A8C1B001239E4 /* Answer.swift */,
				DB6D52E3264A8B9F001239E4 /* QuestionViewController.swift */,
				DB7E7E072644BA8600E70BDF /* Assets.xcassets */,
				DB7E7E092644BA8600E70BDF /* LaunchScreen.storyboard */,
				DB7E7E0C2644BA8600E70BDF /* Info.plist */,
			);
			path = iQuiz;
			sourceTree = "<group>";
		};
		DB7E7E142644BA8600E70BDF /* iQuizTests */ = {
			isa = PBXGroup;
			children = (
				DB7E7E152644BA8600E70BDF /* iQuizTests.swift */,
				DB7E7E172644BA8600E70BDF /* Info.plist */,
			);
			path = iQuizTests;
			sourceTree = "<group>";
		};
		DB7E7E1F2644BA8600E70BDF /* iQuizUITests */ = {
			isa = PBXGroup;
			children = (
				DB7E7E202644BA8600E70BDF /* iQuizUITests.swift */,
				DB7E7E222644BA8600E70BDF /* Info.plist */,
			);
			path = iQuizUITests;
			sourceTree = "<group>";
		};
/* End PBXGroup section */

/* Begin PBXNativeTarget section */
		DB7E7DFA2644BA8300E70BDF /* iQuiz */ = {
			isa = PBXNativeTarget;
			buildConfigurationList = DB7E7E252644BA8600E70BDF /* Build configuration list for PBXNativeTarget "iQuiz" */;
			buildPhases = (
				DB7E7DF72644BA8300E70BDF /* Sources */,
				DB7E7DF82644BA8300E70BDF /* Frameworks */,
				DB7E7DF92644BA8300E70BDF /* Resources */,
			);
			buildRules = (
			);
			dependencies = (
			);
			name = iQuiz;
			productName = iQuiz;
			productReference = DB7E7DFB2644BA8300E70BDF /* iQuiz.app */;
			productType = "com.apple.product-type.application";
		};
		DB7E7E102644BA8600E70BDF /* iQuizTests */ = {
			isa = PBXNativeTarget;
			buildConfigurationList = DB7E7E282644BA8600E70BDF /* Build configuration list for PBXNativeTarget "iQuizTests" */;
			buildPhases = (
				DB7E7E0D2644BA8600E70BDF /* Sources */,
				DB7E7E0E2644BA8600E70BDF /* Frameworks */,
				DB7E7E0F2644BA8600E70BDF /* Resources */,
			);
			buildRules = (
			);
			dependencies = (
				DB7E7E132644BA8600E70BDF /* PBXTargetDependency */,
			);
			name = iQuizTests;
			productName = iQuizTests;
			productReference = DB7E7E112644BA8600E70BDF /* iQuizTests.xctest */;
			productType = "com.apple.product-type.bundle.unit-test";
		};
		DB7E7E1B2644BA8600E70BDF /* iQuizUITests */ = {
			isa = PBXNativeTarget;
			buildConfigurationList = DB7E7E2B2644BA8600E70BDF /* Build configuration list for PBXNativeTarget "iQuizUITests" */;
			buildPhases = (
				DB7E7E182644BA8600E70BDF /* Sources */,
				DB7E7E192644BA8600E70BDF /* Frameworks */,
				DB7E7E1A2644BA8600E70BDF /* Resources */,
			);
			buildRules = (
			);
			dependencies = (
				DB7E7E1E2644BA8600E70BDF /* PBXTargetDependency */,
			);
			name = iQuizUITests;
			productName = iQuizUITests;
			productReference = DB7E7E1C2644BA8600E70BDF /* iQuizUITests.xctest */;
			productType = "com.apple.product-type.bundle.ui-testing";
		};
/* End PBXNativeTarget section */

/* Begin PBXProject section */
		DB7E7DF32644BA8300E70BDF /* Project object */ = {
			isa = PBXProject;
			attributes = {
				LastSwiftUpdateCheck = 1240;
				LastUpgradeCheck = 1240;
				TargetAttributes = {
					DB7E7DFA2644BA8300E70BDF = {
						CreatedOnToolsVersion = 12.4;
					};
					DB7E7E102644BA8600E70BDF = {
						CreatedOnToolsVersion = 12.4;
						TestTargetID = DB7E7DFA2644BA8300E70BDF;
					};
					DB7E7E1B2644BA8600E70BDF = {
						CreatedOnToolsVersion = 12.4;
						TestTargetID = DB7E7DFA2644BA8300E70BDF;
					};
				};
			};
			buildConfigurationList = DB7E7DF62644BA8300E70BDF /* Build configuration list for PBXProject "iQuiz" */;
			compatibilityVersion = "Xcode 9.3";
			developmentRegion = en;
			hasScannedForEncodings = 0;
			knownRegions = (
				en,
				Base,
			);
			mainGroup = DB7E7DF22644BA8300E70BDF;
			productRefGroup = DB7E7DFC2644BA8300E70BDF /* Products */;
			projectDirPath = "";
			projectRoot = "";
			targets = (
				DB7E7DFA2644BA8300E70BDF /* iQuiz */,
				DB7E7E102644BA8600E70BDF /* iQuizTests */,
				DB7E7E1B2644BA8600E70BDF /* iQuizUITests */,
			);
		};
/* End PBXProject section */

/* Begin PBXResourcesBuildPhase section */
		DB7E7DF92644BA8300E70BDF /* Resources */ = {
			isa = PBXResourcesBuildPhase;
			buildActionMask = 2147483647;
			files = (
				DB7E7E0B2644BA8600E70BDF /* LaunchScreen.storyboard in Resources */,
				DB7E7E082644BA8600E70BDF /* Assets.xcassets in Resources */,
				DB7E7E062644BA8300E70BDF /* Main.storyboard in Resources */,
			);
			runOnlyForDeploymentPostprocessing = 0;
		};
		DB7E7E0F2644BA8600E70BDF /* Resources */ = {
			isa = PBXResourcesBuildPhase;
			buildActionMask = 2147483647;
			files = (
			);
			runOnlyForDeploymentPostprocessing = 0;
		};
		DB7E7E1A2644BA8600E70BDF /* Resources */ = {
			isa = PBXResourcesBuildPhase;
			buildActionMask = 2147483647;
			files = (
			);
			runOnlyForDeploymentPostprocessing = 0;
		};
/* End PBXResourcesBuildPhase section */

/* Begin PBXSourcesBuildPhase section */
		DB7E7DF72644BA8300E70BDF /* Sources */ = {
			isa = PBXSourcesBuildPhase;
			buildActionMask = 2147483647;
			files = (
				DB6D52EE264A8C45001239E4 /* Final.swift in Sources */,
				DB7E7E032644BA8300E70BDF /* ViewController.swift in Sources */,
				DB7E7DFF2644BA8300E70BDF /* AppDelegate.swift in Sources */,
				DB6D52E9264A8C1B001239E4 /* Answer.swift in Sources */,
				DB6D52E4264A8B9F001239E4 /* QuestionViewController.swift in Sources */,
				DB7E7E012644BA8300E70BDF /* SceneDelegate.swift in Sources */,
			);
			runOnlyForDeploymentPostprocessing = 0;
		};
		DB7E7E0D2644BA8600E70BDF /* Sources */ = {
			isa = PBXSourcesBuildPhase;
			buildActionMask = 2147483647;
			files = (
				DB7E7E162644BA8600E70BDF /* iQuizTests.swift in Sources */,
			);
			runOnlyForDeploymentPostprocessing = 0;
		};
		DB7E7E182644BA8600E70BDF /* Sources */ = {
			isa = PBXSourcesBuildPhase;
			buildActionMask = 2147483647;
			files = (
				DB7E7E212644BA8600E70BDF /* iQuizUITests.swift in Sources */,
			);
			runOnlyForDeploymentPostprocessing = 0;
		};
/* End PBXSourcesBuildPhase section */

/* Begin PBXTargetDependency section */
		DB7E7E132644BA8600E70BDF /* PBXTargetDependency */ = {
			isa = PBXTargetDependency;
			target = DB7E7DFA2644BA8300E70BDF /* iQuiz */;
			targetProxy = DB7E7E122644BA8600E70BDF /* PBXContainerItemProxy */;
		};
		DB7E7E1E2644BA8600E70BDF /* PBXTargetDependency */ = {
			isa = PBXTargetDependency;
			target = DB7E7DFA2644BA8300E70BDF /* iQuiz */;
			targetProxy = DB7E7E1D2644BA8600E70BDF /* PBXContainerItemProxy */;
		};
/* End PBXTargetDependency section */

/* Begin PBXVariantGroup section */
		DB7E7E042644BA8300E70BDF /* Main.storyboard */ = {
			isa = PBXVariantGroup;
			children = (
				DB7E7E052644BA8300E70BDF /* Base */,
			);
			name = Main.storyboard;
			sourceTree = "<group>";
		};
		DB7E7E092644BA8600E70BDF /* LaunchScreen.storyboard */ = {
			isa = PBXVariantGroup;
			children = (
				DB7E7E0A2644BA8600E70BDF /* Base */,
			);
			name = LaunchScreen.storyboard;
			sourceTree = "<group>";
		};
/* End PBXVariantGroup section */

/* Begin XCBuildConfiguration section */
		DB7E7E232644BA8600E70BDF /* Debug */ = {
			isa = XCBuildConfiguration;
			buildSettings = {
				ALWAYS_SEARCH_USER_PATHS = NO;
				CLANG_ANALYZER_NONNULL = YES;
				CLANG_ANALYZER_NUMBER_OBJECT_CONVERSION = YES_AGGRESSIVE;
				CLANG_CXX_LANGUAGE_STANDARD = "gnu++14";
				CLANG_CXX_LIBRARY = "libc++";
				CLANG_ENABLE_MODULES = YES;
				CLANG_ENABLE_OBJC_ARC = YES;
				CLANG_ENABLE_OBJC_WEAK = YES;
				CLANG_WARN_BLOCK_CAPTURE_AUTORELEASING = YES;
				CLANG_WARN_BOOL_CONVERSION = YES;
				CLANG_WARN_COMMA = YES;
				CLANG_WARN_CONSTANT_CONVERSION = YES;
				CLANG_WARN_DEPRECATED_OBJC_IMPLEMENTATIONS = YES;
				CLANG_WARN_DIRECT_OBJC_ISA_USAGE = YES_ERROR;
				CLANG_WARN_DOCUMENTATION_COMMENTS = YES;
				CLANG_WARN_EMPTY_BODY = YES;
				CLANG_WARN_ENUM_CONVERSION = YES;
				CLANG_WARN_INFINITE_RECURSION = YES;
				CLANG_WARN_INT_CONVERSION = YES;
				CLANG_WARN_NON_LITERAL_NULL_CONVERSION = YES;
				CLANG_WARN_OBJC_IMPLICIT_RETAIN_SELF = YES;
				CLANG_WARN_OBJC_LITERAL_CONVERSION = YES;
				CLANG_WARN_OBJC_ROOT_CLASS = YES_ERROR;
				CLANG_WARN_QUOTED_INCLUDE_IN_FRAMEWORK_HEADER = YES;
				CLANG_WARN_RANGE_LOOP_ANALYSIS = YES;
				CLANG_WARN_STRICT_PROTOTYPES = YES;
				CLANG_WARN_SUSPICIOUS_MOVE = YES;
				CLANG_WARN_UNGUARDED_AVAILABILITY = YES_AGGRESSIVE;
				CLANG_WARN_UNREACHABLE_CODE = YES;
				CLANG_WARN__DUPLICATE_METHOD_MATCH = YES;
				COPY_PHASE_STRIP = NO;
				DEBUG_INFORMATION_FORMAT = dwarf;
				ENABLE_STRICT_OBJC_MSGSEND = YES;
				ENABLE_TESTABILITY = YES;
				GCC_C_LANGUAGE_STANDARD = gnu11;
				GCC_DYNAMIC_NO_PIC = NO;
				GCC_NO_COMMON_BLOCKS = YES;
				GCC_OPTIMIZATION_LEVEL = 0;
				GCC_PREPROCESSOR_DEFINITIONS = (
					"DEBUG=1",
					"$(inherited)",
				);
				GCC_WARN_64_TO_32_BIT_CONVERSION = YES;
				GCC_WARN_ABOUT_RETURN_TYPE = YES_ERROR;
				GCC_WARN_UNDECLARED_SELECTOR = YES;
				GCC_WARN_UNINITIALIZED_AUTOS = YES_AGGRESSIVE;
				GCC_WARN_UNUSED_FUNCTION = YES;
				GCC_WARN_UNUSED_VARIABLE = YES;
				IPHONEOS_DEPLOYMENT_TARGET = 14.4;
				MTL_ENABLE_DEBUG_INFO = INCLUDE_SOURCE;
				MTL_FAST_MATH = YES;
				ONLY_ACTIVE_ARCH = YES;
				SDKROOT = iphoneos;
				SWIFT_ACTIVE_COMPILATION_CONDITIONS = DEBUG;
				SWIFT_OPTIMIZATION_LEVEL = "-Onone";
			};
			name = Debug;
		};
		DB7E7E242644BA8600E70BDF /* Release */ = {
			isa = XCBuildConfiguration;
			buildSettings = {
				ALWAYS_SEARCH_USER_PATHS = NO;
				CLANG_ANALYZER_NONNULL = YES;
				CLANG_ANALYZER_NUMBER_OBJECT_CONVERSION = YES_AGGRESSIVE;
				CLANG_CXX_LANGUAGE_STANDARD = "gnu++14";
				CLANG_CXX_LIBRARY = "libc++";
				CLANG_ENABLE_MODULES = YES;
				CLANG_ENABLE_OBJC_ARC = YES;
				CLANG_ENABLE_OBJC_WEAK = YES;
				CLANG_WARN_BLOCK_CAPTURE_AUTORELEASING = YES;
				CLANG_WARN_BOOL_CONVERSION = YES;
				CLANG_WARN_COMMA = YES;
				CLANG_WARN_CONSTANT_CONVERSION = YES;
				CLANG_WARN_DEPRECATED_OBJC_IMPLEMENTATIONS = YES;
				CLANG_WARN_DIRECT_OBJC_ISA_USAGE = YES_ERROR;
				CLANG_WARN_DOCUMENTATION_COMMENTS = YES;
				CLANG_WARN_EMPTY_BODY = YES;
				CLANG_WARN_ENUM_CONVERSION = YES;
				CLANG_WARN_INFINITE_RECURSION = YES;
				CLANG_WARN_INT_CONVERSION = YES;
				CLANG_WARN_NON_LITERAL_NULL_CONVERSION = YES;
				CLANG_WARN_OBJC_IMPLICIT_RETAIN_SELF = YES;
				CLANG_WARN_OBJC_LITERAL_CONVERSION = YES;
				CLANG_WARN_OBJC_ROOT_CLASS = YES_ERROR;
				CLANG_WARN_QUOTED_INCLUDE_IN_FRAMEWORK_HEADER = YES;
				CLANG_WARN_RANGE_LOOP_ANALYSIS = YES;
				CLANG_WARN_STRICT_PROTOTYPES = YES;
				CLANG_WARN_SUSPICIOUS_MOVE = YES;
				CLANG_WARN_UNGUARDED_AVAILABILITY = YES_AGGRESSIVE;
				CLANG_WARN_UNREACHABLE_CODE = YES;
				CLANG_WARN__DUPLICATE_METHOD_MATCH = YES;
				COPY_PHASE_STRIP = NO;
				DEBUG_INFORMATION_FORMAT = "dwarf-with-dsym";
				ENABLE_NS_ASSERTIONS = NO;
				ENABLE_STRICT_OBJC_MSGSEND = YES;
				GCC_C_LANGUAGE_STANDARD = gnu11;
				GCC_NO_COMMON_BLOCKS = YES;
				GCC_WARN_64_TO_32_BIT_CONVERSION = YES;
				GCC_WARN_ABOUT_RETURN_TYPE = YES_ERROR;
				GCC_WARN_UNDECLARED_SELECTOR = YES;
				GCC_WARN_UNINITIALIZED_AUTOS = YES_AGGRESSIVE;
				GCC_WARN_UNUSED_FUNCTION = YES;
				GCC_WARN_UNUSED_VARIABLE = YES;
				IPHONEOS_DEPLOYMENT_TARGET = 14.4;
				MTL_ENABLE_DEBUG_INFO = NO;
				MTL_FAST_MATH = YES;
				SDKROOT = iphoneos;
				SWIFT_COMPILATION_MODE = wholemodule;
				SWIFT_OPTIMIZATION_LEVEL = "-O";
				VALIDATE_PRODUCT = YES;
			};
			name = Release;
		};
		DB7E7E262644BA8600E70BDF /* Debug */ = {
			isa = XCBuildConfiguration;
			buildSettings = {
				ASSETCATALOG_COMPILER_APPICON_NAME = AppIcon;
				ASSETCATALOG_COMPILER_GLOBAL_ACCENT_COLOR_NAME = AccentColor;
				CODE_SIGN_STYLE = Automatic;
				DEVELOPMENT_TEAM = UDVL73KDB6;
				INFOPLIST_FILE = iQuiz/Info.plist;
				LD_RUNPATH_SEARCH_PATHS = (
					"$(inherited)",
					"@executable_path/Frameworks",
				);
				PRODUCT_BUNDLE_IDENTIFIER = SauravSawansukha.iQuiz;
				PRODUCT_NAME = "$(TARGET_NAME)";
				SWIFT_VERSION = 5.0;
				TARGETED_DEVICE_FAMILY = "1,2";
			};
			name = Debug;
		};
		DB7E7E272644BA8600E70BDF /* Release */ = {
			isa = XCBuildConfiguration;
			buildSettings = {
				ASSETCATALOG_COMPILER_APPICON_NAME = AppIcon;
				ASSETCATALOG_COMPILER_GLOBAL_ACCENT_COLOR_NAME = AccentColor;
				CODE_SIGN_STYLE = Automatic;
				DEVELOPMENT_TEAM = UDVL73KDB6;
				INFOPLIST_FILE = iQuiz/Info.plist;
				LD_RUNPATH_SEARCH_PATHS = (
					"$(inherited)",
					"@executable_path/Frameworks",
				);
				PRODUCT_BUNDLE_IDENTIFIER = SauravSawansukha.iQuiz;
				PRODUCT_NAME = "$(TARGET_NAME)";
				SWIFT_VERSION = 5.0;
				TARGETED_DEVICE_FAMILY = "1,2";
			};
			name = Release;
		};
		DB7E7E292644BA8600E70BDF /* Debug */ = {
			isa = XCBuildConfiguration;
			buildSettings = {
				ALWAYS_EMBED_SWIFT_STANDARD_LIBRARIES = YES;
				BUNDLE_LOADER = "$(TEST_HOST)";
				CODE_SIGN_STYLE = Automatic;
				DEVELOPMENT_TEAM = UDVL73KDB6;
				INFOPLIST_FILE = iQuizTests/Info.plist;
				IPHONEOS_DEPLOYMENT_TARGET = 14.4;
				LD_RUNPATH_SEARCH_PATHS = (
					"$(inherited)",
					"@executable_path/Frameworks",
					"@loader_path/Frameworks",
				);
				PRODUCT_BUNDLE_IDENTIFIER = SauravSawansukha.iQuizTests;
				PRODUCT_NAME = "$(TARGET_NAME)";
				SWIFT_VERSION = 5.0;
				TARGETED_DEVICE_FAMILY = "1,2";
				TEST_HOST = "$(BUILT_PRODUCTS_DIR)/iQuiz.app/iQuiz";
			};
			name = Debug;
		};
		DB7E7E2A2644BA8600E70BDF /* Release */ = {
			isa = XCBuildConfiguration;
			buildSettings = {
				ALWAYS_EMBED_SWIFT_STANDARD_LIBRARIES = YES;
				BUNDLE_LOADER = "$(TEST_HOST)";
				CODE_SIGN_STYLE = Automatic;
				DEVELOPMENT_TEAM = UDVL73KDB6;
				INFOPLIST_FILE = iQuizTests/Info.plist;
				IPHONEOS_DEPLOYMENT_TARGET = 14.4;
				LD_RUNPATH_SEARCH_PATHS = (
					"$(inherited)",
					"@executable_path/Frameworks",
					"@loader_path/Frameworks",
				);
				PRODUCT_BUNDLE_IDENTIFIER = SauravSawansukha.iQuizTests;
				PRODUCT_NAME = "$(TARGET_NAME)";
				SWIFT_VERSION = 5.0;
				TARGETED_DEVICE_FAMILY = "1,2";
				TEST_HOST = "$(BUILT_PRODUCTS_DIR)/iQuiz.app/iQuiz";
			};
			name = Release;
		};
		DB7E7E2C2644BA8600E70BDF /* Debug */ = {
			isa = XCBuildConfiguration;
			buildSettings = {
				ALWAYS_EMBED_SWIFT_STANDARD_LIBRARIES = YES;
				CODE_SIGN_STYLE = Automatic;
				DEVELOPMENT_TEAM = UDVL73KDB6;
				INFOPLIST_FILE = iQuizUITests/Info.plist;
				LD_RUNPATH_SEARCH_PATHS = (
					"$(inherited)",
					"@executable_path/Frameworks",
					"@loader_path/Frameworks",
				);
				PRODUCT_BUNDLE_IDENTIFIER = SauravSawansukha.iQuizUITests;
				PRODUCT_NAME = "$(TARGET_NAME)";
				SWIFT_VERSION = 5.0;
				TARGETED_DEVICE_FAMILY = "1,2";
				TEST_TARGET_NAME = iQuiz;
			};
			name = Debug;
		};
		DB7E7E2D2644BA8600E70BDF /* Release */ = {
			isa = XCBuildConfiguration;
			buildSettings = {
				ALWAYS_EMBED_SWIFT_STANDARD_LIBRARIES = YES;
				CODE_SIGN_STYLE = Automatic;
				DEVELOPMENT_TEAM = UDVL73KDB6;
				INFOPLIST_FILE = iQuizUITests/Info.plist;
				LD_RUNPATH_SEARCH_PATHS = (
					"$(inherited)",
					"@executable_path/Frameworks",
					"@loader_path/Frameworks",
				);
				PRODUCT_BUNDLE_IDENTIFIER = SauravSawansukha.iQuizUITests;
				PRODUCT_NAME = "$(TARGET_NAME)";
				SWIFT_VERSION = 5.0;
				TARGETED_DEVICE_FAMILY = "1,2";
				TEST_TARGET_NAME = iQuiz;
			};
			name = Release;
		};
/* End XCBuildConfiguration section */

/* Begin XCConfigurationList section */
		DB7E7DF62644BA8300E70BDF /* Build configuration list for PBXProject "iQuiz" */ = {
			isa = XCConfigurationList;
			buildConfigurations = (
				DB7E7E232644BA8600E70BDF /* Debug */,
				DB7E7E242644BA8600E70BDF /* Release */,
			);
			defaultConfigurationIsVisible = 0;
			defaultConfigurationName = Release;
		};
		DB7E7E252644BA8600E70BDF /* Build configuration list for PBXNativeTarget "iQuiz" */ = {
			isa = XCConfigurationList;
			buildConfigurations = (
				DB7E7E262644BA8600E70BDF /* Debug */,
				DB7E7E272644BA8600E70BDF /* Release */,
			);
			defaultConfigurationIsVisible = 0;
			defaultConfigurationName = Release;
		};
		DB7E7E282644BA8600E70BDF /* Build configuration list for PBXNativeTarget "iQuizTests" */ = {
			isa = XCConfigurationList;
			buildConfigurations = (
				DB7E7E292644BA8600E70BDF /* Debug */,
				DB7E7E2A2644BA8600E70BDF /* Release */,
			);
			defaultConfigurationIsVisible = 0;
			defaultConfigurationName = Release;
		};
		DB7E7E2B2644BA8600E70BDF /* Build configuration list for PBXNativeTarget "iQuizUITests" */ = {
			isa = XCConfigurationList;
			buildConfigurations = (
				DB7E7E2C2644BA8600E70BDF /* Debug */,
				DB7E7E2D2644BA8600E70BDF /* Release */,
			);
			defaultConfigurationIsVisible = 0;
			defaultConfigurationName = Release;
		};
/* End XCConfigurationList section */
	};
	rootObject = DB7E7DF32644BA8300E70BDF /* Project object */;
}
